
Microsoft Visual Studio Solution File, Format Version 12.00
# Visual Studio Version 17
VisualStudioVersion = 17.13.35913.81 d17.13
MinimumVisualStudioVersion = 10.0.40219.1
Project("{FAE04EC0-301F-11D3-BF4B-00C04F79EFBC}") = "EfDbOnlineCourses", "EfDbPolyclinic\EfDbOnlineCourses.csproj", "{7D991599-0262-40C8-9CD9-F741CC25FEE8}"
EndProject
Global
	GlobalSection(SolutionConfigurationPlatforms) = preSolution
		Debug|Any CPU = Debug|Any CPU
		Release|Any CPU = Release|Any CPU
	EndGlobalSection
	GlobalSection(ProjectConfigurationPlatforms) = postSolution
		{7D991599-0262-40C8-9CD9-F741CC25FEE8}.Debug|Any CPU.ActiveCfg = Debug|Any CPU
		{7D991599-0262-40C8-9CD9-F741CC25FEE8}.Debug|Any CPU.Build.0 = Debug|Any CPU
		{7D991599-0262-40C8-9CD9-F741CC25FEE8}.Release|Any CPU.ActiveCfg = Release|Any CPU
		{7D991599-0262-40C8-9CD9-F741CC25FEE8}.Release|Any CPU.Build.0 = Release|Any CPU
	EndGlobalSection
	GlobalSection(SolutionProperties) = preSolution
		HideSolutionNode = FALSE
	EndGlobalSection
	GlobalSection(ExtensibilityGlobals) = postSolution
		SolutionGuid = {E76F1DBF-2A01-4BFB-96A0-E4C87691786E}
	EndGlobalSection
EndGlobal
